// !$*UTF8*$!
{
	archiveVersion = 1;
	classes = {
	};
	objectVersion = 55;
	objects = {

/* Begin PBXBuildFile section */
		51F621A22806096D006DFE82 /* AppDelegate.swift in Sources */ = {isa = PBXBuildFile; fileRef = 51F621A12806096D006DFE82 /* AppDelegate.swift */; };
		51F621A42806096D006DFE82 /* SceneDelegate.swift in Sources */ = {isa = PBXBuildFile; fileRef = 51F621A32806096D006DFE82 /* SceneDelegate.swift */; };
		51F621A62806096D006DFE82 /* ViewController.swift in Sources */ = {isa = PBXBuildFile; fileRef = 51F621A52806096D006DFE82 /* ViewController.swift */; };
		51F621A92806096D006DFE82 /* Main.storyboard in Resources */ = {isa = PBXBuildFile; fileRef = 51F621A72806096D006DFE82 /* Main.storyboard */; };
		51F621AC2806096D006DFE82 /* UPAX.xcdatamodeld in Sources */ = {isa = PBXBuildFile; fileRef = 51F621AA2806096D006DFE82 /* UPAX.xcdatamodeld */; };
		51F621AE2806096F006DFE82 /* Assets.xcassets in Resources */ = {isa = PBXBuildFile; fileRef = 51F621AD2806096F006DFE82 /* Assets.xcassets */; };
		51F621B12806096F006DFE82 /* LaunchScreen.storyboard in Resources */ = {isa = PBXBuildFile; fileRef = 51F621AF2806096F006DFE82 /* LaunchScreen.storyboard */; };
		51F621BC2806096F006DFE82 /* UPAXTests.swift in Sources */ = {isa = PBXBuildFile; fileRef = 51F621BB2806096F006DFE82 /* UPAXTests.swift */; };
		51F621C62806096F006DFE82 /* UPAXUITests.swift in Sources */ = {isa = PBXBuildFile; fileRef = 51F621C52806096F006DFE82 /* UPAXUITests.swift */; };
		51F621C82806096F006DFE82 /* UPAXUITestsLaunchTests.swift in Sources */ = {isa = PBXBuildFile; fileRef = 51F621C72806096F006DFE82 /* UPAXUITestsLaunchTests.swift */; };
/* End PBXBuildFile section */

/* Begin PBXContainerItemProxy section */
		51F621B82806096F006DFE82 /* PBXContainerItemProxy */ = {
			isa = PBXContainerItemProxy;
			containerPortal = 51F621962806096C006DFE82 /* Project object */;
			proxyType = 1;
			remoteGlobalIDString = 51F6219D2806096D006DFE82;
			remoteInfo = UPAX;
		};
		51F621C22806096F006DFE82 /* PBXContainerItemProxy */ = {
			isa = PBXContainerItemProxy;
			containerPortal = 51F621962806096C006DFE82 /* Project object */;
			proxyType = 1;
			remoteGlobalIDString = 51F6219D2806096D006DFE82;
			remoteInfo = UPAX;
		};
/* End PBXContainerItemProxy section */

/* Begin PBXFileReference section */
		51F6219E2806096D006DFE82 /* UPAX.app */ = {isa = PBXFileReference; explicitFileType = wrapper.application; includeInIndex = 0; path = UPAX.app; sourceTree = BUILT_PRODUCTS_DIR; };
		51F621A12806096D006DFE82 /* AppDelegate.swift */ = {isa = PBXFileReference; lastKnownFileType = sourcecode.swift; path = AppDelegate.swift; sourceTree = "<group>"; };
		51F621A32806096D006DFE82 /* SceneDelegate.swift */ = {isa = PBXFileReference; lastKnownFileType = sourcecode.swift; path = SceneDelegate.swift; sourceTree = "<group>"; };
		51F621A52806096D006DFE82 /* ViewController.swift */ = {isa = PBXFileReference; lastKnownFileType = sourcecode.swift; path = ViewController.swift; sourceTree = "<group>"; };
		51F621A82806096D006DFE82 /* Base */ = {isa = PBXFileReference; lastKnownFileType = file.storyboard; name = Base; path = Base.lproj/Main.storyboard; sourceTree = "<group>"; };
		51F621AB2806096D006DFE82 /* UPAX.xcdatamodel */ = {isa = PBXFileReference; lastKnownFileType = wrapper.xcdatamodel; path = UPAX.xcdatamodel; sourceTree = "<group>"; };
		51F621AD2806096F006DFE82 /* Assets.xcassets */ = {isa = PBXFileReference; lastKnownFileType = folder.assetcatalog; path = Assets.xcassets; sourceTree = "<group>"; };
		51F621B02806096F006DFE82 /* Base */ = {isa = PBXFileReference; lastKnownFileType = file.storyboard; name = Base; path = Base.lproj/LaunchScreen.storyboard; sourceTree = "<group>"; };
		51F621B22806096F006DFE82 /* Info.plist */ = {isa = PBXFileReference; lastKnownFileType = text.plist.xml; path = Info.plist; sourceTree = "<group>"; };
		51F621B72806096F006DFE82 /* UPAXTests.xctest */ = {isa = PBXFileReference; explicitFileType = wrapper.cfbundle; includeInIndex = 0; path = UPAXTests.xctest; sourceTree = BUILT_PRODUCTS_DIR; };
		51F621BB2806096F006DFE82 /* UPAXTests.swift */ = {isa = PBXFileReference; lastKnownFileType = sourcecode.swift; path = UPAXTests.swift; sourceTree = "<group>"; };
		51F621C12806096F006DFE82 /* UPAXUITests.xctest */ = {isa = PBXFileReference; explicitFileType = wrapper.cfbundle; includeInIndex = 0; path = UPAXUITests.xctest; sourceTree = BUILT_PRODUCTS_DIR; };
		51F621C52806096F006DFE82 /* UPAXUITests.swift */ = {isa = PBXFileReference; lastKnownFileType = sourcecode.swift; path = UPAXUITests.swift; sourceTree = "<group>"; };
		51F621C72806096F006DFE82 /* UPAXUITestsLaunchTests.swift */ = {isa = PBXFileReference; lastKnownFileType = sourcecode.swift; path = UPAXUITestsLaunchTests.swift; sourceTree = "<group>"; };
/* End PBXFileReference section */

/* Begin PBXFrameworksBuildPhase section */
		51F6219B2806096D006DFE82 /* Frameworks */ = {
			isa = PBXFrameworksBuildPhase;
			buildActionMask = 2147483647;
			files = (
			);
			runOnlyForDeploymentPostprocessing = 0;
		};
		51F621B42806096F006DFE82 /* Frameworks */ = {
			isa = PBXFrameworksBuildPhase;
			buildActionMask = 2147483647;
			files = (
			);
			runOnlyForDeploymentPostprocessing = 0;
		};
		51F621BE2806096F006DFE82 /* Frameworks */ = {
			isa = PBXFrameworksBuildPhase;
			buildActionMask = 2147483647;
			files = (
			);
			runOnlyForDeploymentPostprocessing = 0;
		};
/* End PBXFrameworksBuildPhase section */

/* Begin PBXGroup section */
		51F621952806096C006DFE82 = {
			isa = PBXGroup;
			children = (
				51F621A02806096D006DFE82 /* UPAX */,
				51F621BA2806096F006DFE82 /* UPAXTests */,
				51F621C42806096F006DFE82 /* UPAXUITests */,
				51F6219F2806096D006DFE82 /* Products */,
			);
			sourceTree = "<group>";
		};
		51F6219F2806096D006DFE82 /* Products */ = {
			isa = PBXGroup;
			children = (
				51F6219E2806096D006DFE82 /* UPAX.app */,
				51F621B72806096F006DFE82 /* UPAXTests.xctest */,
				51F621C12806096F006DFE82 /* UPAXUITests.xctest */,
			);
			name = Products;
			sourceTree = "<group>";
		};
		51F621A02806096D006DFE82 /* UPAX */ = {
			isa = PBXGroup;
			children = (
				51F621A12806096D006DFE82 /* AppDelegate.swift */,
				51F621A32806096D006DFE82 /* SceneDelegate.swift */,
				51F621A52806096D006DFE82 /* ViewController.swift */,
				51F621A72806096D006DFE82 /* Main.storyboard */,
				51F621AD2806096F006DFE82 /* Assets.xcassets */,
				51F621AF2806096F006DFE82 /* LaunchScreen.storyboard */,
				51F621B22806096F006DFE82 /* Info.plist */,
				51F621AA2806096D006DFE82 /* UPAX.xcdatamodeld */,
			);
			path = UPAX;
			sourceTree = "<group>";
		};
		51F621BA2806096F006DFE82 /* UPAXTests */ = {
			isa = PBXGroup;
			children = (
				51F621BB2806096F006DFE82 /* UPAXTests.swift */,
			);
			path = UPAXTests;
			sourceTree = "<group>";
		};
		51F621C42806096F006DFE82 /* UPAXUITests */ = {
			isa = PBXGroup;
			children = (
				51F621C52806096F006DFE82 /* UPAXUITests.swift */,
				51F621C72806096F006DFE82 /* UPAXUITestsLaunchTests.swift */,
			);
			path = UPAXUITests;
			sourceTree = "<group>";
		};
/* End PBXGroup section */

/* Begin PBXNativeTarget section */
		51F6219D2806096D006DFE82 /* UPAX */ = {
			isa = PBXNativeTarget;
			buildConfigurationList = 51F621CB2806096F006DFE82 /* Build configuration list for PBXNativeTarget "UPAX" */;
			buildPhases = (
				51F6219A2806096D006DFE82 /* Sources */,
				51F6219B2806096D006DFE82 /* Frameworks */,
				51F6219C2806096D006DFE82 /* Resources */,
			);
			buildRules = (
			);
			dependencies = (
			);
			name = UPAX;
			productName = UPAX;
			productReference = 51F6219E2806096D006DFE82 /* UPAX.app */;
			productType = "com.apple.product-type.application";
		};
		51F621B62806096F006DFE82 /* UPAXTests */ = {
			isa = PBXNativeTarget;
			buildConfigurationList = 51F621CE2806096F006DFE82 /* Build configuration list for PBXNativeTarget "UPAXTests" */;
			buildPhases = (
				51F621B32806096F006DFE82 /* Sources */,
				51F621B42806096F006DFE82 /* Frameworks */,
				51F621B52806096F006DFE82 /* Resources */,
			);
			buildRules = (
			);
			dependencies = (
				51F621B92806096F006DFE82 /* PBXTargetDependency */,
			);
			name = UPAXTests;
			productName = UPAXTests;
			productReference = 51F621B72806096F006DFE82 /* UPAXTests.xctest */;
			productType = "com.apple.product-type.bundle.unit-test";
		};
		51F621C02806096F006DFE82 /* UPAXUITests */ = {
			isa = PBXNativeTarget;
			buildConfigurationList = 51F621D12806096F006DFE82 /* Build configuration list for PBXNativeTarget "UPAXUITests" */;
			buildPhases = (
				51F621BD2806096F006DFE82 /* Sources */,
				51F621BE2806096F006DFE82 /* Frameworks */,
				51F621BF2806096F006DFE82 /* Resources */,
			);
			buildRules = (
			);
			dependencies = (
				51F621C32806096F006DFE82 /* PBXTargetDependency */,
			);
			name = UPAXUITests;
			productName = UPAXUITests;
			productReference = 51F621C12806096F006DFE82 /* UPAXUITests.xctest */;
			productType = "com.apple.product-type.bundle.ui-testing";
		};
/* End PBXNativeTarget section */

/* Begin PBXProject section */
		51F621962806096C006DFE82 /* Project object */ = {
			isa = PBXProject;
			attributes = {
				BuildIndependentTargetsInParallel = 1;
				LastSwiftUpdateCheck = 1330;
				LastUpgradeCheck = 1330;
				TargetAttributes = {
					51F6219D2806096D006DFE82 = {
						CreatedOnToolsVersion = 13.3;
					};
					51F621B62806096F006DFE82 = {
						CreatedOnToolsVersion = 13.3;
						TestTargetID = 51F6219D2806096D006DFE82;
					};
					51F621C02806096F006DFE82 = {
						CreatedOnToolsVersion = 13.3;
						TestTargetID = 51F6219D2806096D006DFE82;
					};
				};
			};
			buildConfigurationList = 51F621992806096C006DFE82 /* Build configuration list for PBXProject "UPAX" */;
			compatibilityVersion = "Xcode 13.0";
			developmentRegion = en;
			hasScannedForEncodings = 0;
			knownRegions = (
				en,
				Base,
			);
			mainGroup = 51F621952806096C006DFE82;
			productRefGroup = 51F6219F2806096D006DFE82 /* Products */;
			projectDirPath = "";
			projectRoot = "";
			targets = (
				51F6219D2806096D006DFE82 /* UPAX */,
				51F621B62806096F006DFE82 /* UPAXTests */,
				51F621C02806096F006DFE82 /* UPAXUITests */,
			);
		};
/* End PBXProject section */

/* Begin PBXResourcesBuildPhase section */
		51F6219C2806096D006DFE82 /* Resources */ = {
			isa = PBXResourcesBuildPhase;
			buildActionMask = 2147483647;
			files = (
				51F621B12806096F006DFE82 /* LaunchScreen.storyboard in Resources */,
				51F621AE2806096F006DFE82 /* Assets.xcassets in Resources */,
				51F621A92806096D006DFE82 /* Main.storyboard in Resources */,
			);
			runOnlyForDeploymentPostprocessing = 0;
		};
		51F621B52806096F006DFE82 /* Resources */ = {
			isa = PBXResourcesBuildPhase;
			buildActionMask = 2147483647;
			files = (
			);
			runOnlyForDeploymentPostprocessing = 0;
		};
		51F621BF2806096F006DFE82 /* Resources */ = {
			isa = PBXResourcesBuildPhase;
			buildActionMask = 2147483647;
			files = (
			);
			runOnlyForDeploymentPostprocessing = 0;
		};
/* End PBXResourcesBuildPhase section */

/* Begin PBXSourcesBuildPhase section */
		51F6219A2806096D006DFE82 /* Sources */ = {
			isa = PBXSourcesBuildPhase;
			buildActionMask = 2147483647;
			files = (
				51F621A62806096D006DFE82 /* ViewController.swift in Sources */,
				51F621A22806096D006DFE82 /* AppDelegate.swift in Sources */,
				51F621A42806096D006DFE82 /* SceneDelegate.swift in Sources */,
				51F621AC2806096D006DFE82 /* UPAX.xcdatamodeld in Sources */,
			);
			runOnlyForDeploymentPostprocessing = 0;
		};
		51F621B32806096F006DFE82 /* Sources */ = {
			isa = PBXSourcesBuildPhase;
			buildActionMask = 2147483647;
			files = (
				51F621BC2806096F006DFE82 /* UPAXTests.swift in Sources */,
			);
			runOnlyForDeploymentPostprocessing = 0;
		};
		51F621BD2806096F006DFE82 /* Sources */ = {
			isa = PBXSourcesBuildPhase;
			buildActionMask = 2147483647;
			files = (
				51F621C82806096F006DFE82 /* UPAXUITestsLaunchTests.swift in Sources */,
				51F621C62806096F006DFE82 /* UPAXUITests.swift in Sources */,
			);
			runOnlyForDeploymentPostprocessing = 0;
		};
/* End PBXSourcesBuildPhase section */

/* Begin PBXTargetDependency section */
		51F621B92806096F006DFE82 /* PBXTargetDependency */ = {
			isa = PBXTargetDependency;
			target = 51F6219D2806096D006DFE82 /* UPAX */;
			targetProxy = 51F621B82806096F006DFE82 /* PBXContainerItemProxy */;
		};
		51F621C32806096F006DFE82 /* PBXTargetDependency */ = {
			isa = PBXTargetDependency;
			target = 51F6219D2806096D006DFE82 /* UPAX */;
			targetProxy = 51F621C22806096F006DFE82 /* PBXContainerItemProxy */;
		};
/* End PBXTargetDependency section */

/* Begin PBXVariantGroup section */
		51F621A72806096D006DFE82 /* Main.storyboard */ = {
			isa = PBXVariantGroup;
			children = (
				51F621A82806096D006DFE82 /* Base */,
			);
			name = Main.storyboard;
			sourceTree = "<group>";
		};
		51F621AF2806096F006DFE82 /* LaunchScreen.storyboard */ = {
			isa = PBXVariantGroup;
			children = (
				51F621B02806096F006DFE82 /* Base */,
			);
			name = LaunchScreen.storyboard;
			sourceTree = "<group>";
		};
/* End PBXVariantGroup section */

/* Begin XCBuildConfiguration section */
		51F621C92806096F006DFE82 /* Debug */ = {
			isa = XCBuildConfiguration;
			buildSettings = {
				ALWAYS_SEARCH_USER_PATHS = NO;
				CLANG_ANALYZER_NONNULL = YES;
				CLANG_ANALYZER_NUMBER_OBJECT_CONVERSION = YES_AGGRESSIVE;
				CLANG_CXX_LANGUAGE_STANDARD = "gnu++17";
				CLANG_ENABLE_MODULES = YES;
				CLANG_ENABLE_OBJC_ARC = YES;
				CLANG_ENABLE_OBJC_WEAK = YES;
				CLANG_WARN_BLOCK_CAPTURE_AUTORELEASING = YES;
				CLANG_WARN_BOOL_CONVERSION = YES;
				CLANG_WARN_COMMA = YES;
				CLANG_WARN_CONSTANT_CONVERSION = YES;
				CLANG_WARN_DEPRECATED_OBJC_IMPLEMENTATIONS = YES;
				CLANG_WARN_DIRECT_OBJC_ISA_USAGE = YES_ERROR;
				CLANG_WARN_DOCUMENTATION_COMMENTS = YES;
				CLANG_WARN_EMPTY_BODY = YES;
				CLANG_WARN_ENUM_CONVERSION = YES;
				CLANG_WARN_INFINITE_RECURSION = YES;
				CLANG_WARN_INT_CONVERSION = YES;
				CLANG_WARN_NON_LITERAL_NULL_CONVERSION = YES;
				CLANG_WARN_OBJC_IMPLICIT_RETAIN_SELF = YES;
				CLANG_WARN_OBJC_LITERAL_CONVERSION = YES;
				CLANG_WARN_OBJC_ROOT_CLASS = YES_ERROR;
				CLANG_WARN_QUOTED_INCLUDE_IN_FRAMEWORK_HEADER = YES;
				CLANG_WARN_RANGE_LOOP_ANALYSIS = YES;
				CLANG_WARN_STRICT_PROTOTYPES = YES;
				CLANG_WARN_SUSPICIOUS_MOVE = YES;
				CLANG_WARN_UNGUARDED_AVAILABILITY = YES_AGGRESSIVE;
				CLANG_WARN_UNREACHABLE_CODE = YES;
				CLANG_WARN__DUPLICATE_METHOD_MATCH = YES;
				COPY_PHASE_STRIP = NO;
				DEBUG_INFORMATION_FORMAT = dwarf;
				ENABLE_STRICT_OBJC_MSGSEND = YES;
				ENABLE_TESTABILITY = YES;
				GCC_C_LANGUAGE_STANDARD = gnu11;
				GCC_DYNAMIC_NO_PIC = NO;
				GCC_NO_COMMON_BLOCKS = YES;
				GCC_OPTIMIZATION_LEVEL = 0;
				GCC_PREPROCESSOR_DEFINITIONS = (
					"DEBUG=1",
					"$(inherited)",
				);
				GCC_WARN_64_TO_32_BIT_CONVERSION = YES;
				GCC_WARN_ABOUT_RETURN_TYPE = YES_ERROR;
				GCC_WARN_UNDECLARED_SELECTOR = YES;
				GCC_WARN_UNINITIALIZED_AUTOS = YES_AGGRESSIVE;
				GCC_WARN_UNUSED_FUNCTION = YES;
				GCC_WARN_UNUSED_VARIABLE = YES;
				IPHONEOS_DEPLOYMENT_TARGET = 15.4;
				MTL_ENABLE_DEBUG_INFO = INCLUDE_SOURCE;
				MTL_FAST_MATH = YES;
				ONLY_ACTIVE_ARCH = YES;
				SDKROOT = iphoneos;
				SWIFT_ACTIVE_COMPILATION_CONDITIONS = DEBUG;
				SWIFT_OPTIMIZATION_LEVEL = "-Onone";
			};
			name = Debug;
		};
		51F621CA2806096F006DFE82 /* Release */ = {
			isa = XCBuildConfiguration;
			buildSettings = {
				ALWAYS_SEARCH_USER_PATHS = NO;
				CLANG_ANALYZER_NONNULL = YES;
				CLANG_ANALYZER_NUMBER_OBJECT_CONVERSION = YES_AGGRESSIVE;
				CLANG_CXX_LANGUAGE_STANDARD = "gnu++17";
				CLANG_ENABLE_MODULES = YES;
				CLANG_ENABLE_OBJC_ARC = YES;
				CLANG_ENABLE_OBJC_WEAK = YES;
				CLANG_WARN_BLOCK_CAPTURE_AUTORELEASING = YES;
				CLANG_WARN_BOOL_CONVERSION = YES;
				CLANG_WARN_COMMA = YES;
				CLANG_WARN_CONSTANT_CONVERSION = YES;
				CLANG_WARN_DEPRECATED_OBJC_IMPLEMENTATIONS = YES;
				CLANG_WARN_DIRECT_OBJC_ISA_USAGE = YES_ERROR;
				CLANG_WARN_DOCUMENTATION_COMMENTS = YES;
				CLANG_WARN_EMPTY_BODY = YES;
				CLANG_WARN_ENUM_CONVERSION = YES;
				CLANG_WARN_INFINITE_RECURSION = YES;
				CLANG_WARN_INT_CONVERSION = YES;
				CLANG_WARN_NON_LITERAL_NULL_CONVERSION = YES;
				CLANG_WARN_OBJC_IMPLICIT_RETAIN_SELF = YES;
				CLANG_WARN_OBJC_LITERAL_CONVERSION = YES;
				CLANG_WARN_OBJC_ROOT_CLASS = YES_ERROR;
				CLANG_WARN_QUOTED_INCLUDE_IN_FRAMEWORK_HEADER = YES;
				CLANG_WARN_RANGE_LOOP_ANALYSIS = YES;
				CLANG_WARN_STRICT_PROTOTYPES = YES;
				CLANG_WARN_SUSPICIOUS_MOVE = YES;
				CLANG_WARN_UNGUARDED_AVAILABILITY = YES_AGGRESSIVE;
				CLANG_WARN_UNREACHABLE_CODE = YES;
				CLANG_WARN__DUPLICATE_METHOD_MATCH = YES;
				COPY_PHASE_STRIP = NO;
				DEBUG_INFORMATION_FORMAT = "dwarf-with-dsym";
				ENABLE_NS_ASSERTIONS = NO;
				ENABLE_STRICT_OBJC_MSGSEND = YES;
				GCC_C_LANGUAGE_STANDARD = gnu11;
				GCC_NO_COMMON_BLOCKS = YES;
				GCC_WARN_64_TO_32_BIT_CONVERSION = YES;
				GCC_WARN_ABOUT_RETURN_TYPE = YES_ERROR;
				GCC_WARN_UNDECLARED_SELECTOR = YES;
				GCC_WARN_UNINITIALIZED_AUTOS = YES_AGGRESSIVE;
				GCC_WARN_UNUSED_FUNCTION = YES;
				GCC_WARN_UNUSED_VARIABLE = YES;
				IPHONEOS_DEPLOYMENT_TARGET = 15.4;
				MTL_ENABLE_DEBUG_INFO = NO;
				MTL_FAST_MATH = YES;
				SDKROOT = iphoneos;
				SWIFT_COMPILATION_MODE = wholemodule;
				SWIFT_OPTIMIZATION_LEVEL = "-O";
				VALIDATE_PRODUCT = YES;
			};
			name = Release;
		};
		51F621CC2806096F006DFE82 /* Debug */ = {
			isa = XCBuildConfiguration;
			buildSettings = {
				ASSETCATALOG_COMPILER_APPICON_NAME = AppIcon;
				ASSETCATALOG_COMPILER_GLOBAL_ACCENT_COLOR_NAME = AccentColor;
				CODE_SIGN_STYLE = Automatic;
				CURRENT_PROJECT_VERSION = 1;
				DEVELOPMENT_TEAM = 468N69354W;
				GENERATE_INFOPLIST_FILE = YES;
				INFOPLIST_FILE = UPAX/Info.plist;
				INFOPLIST_KEY_UIApplicationSupportsIndirectInputEvents = YES;
				INFOPLIST_KEY_UILaunchStoryboardName = LaunchScreen;
				INFOPLIST_KEY_UIMainStoryboardFile = Main;
				INFOPLIST_KEY_UISupportedInterfaceOrientations_iPad = "UIInterfaceOrientationPortrait UIInterfaceOrientationPortraitUpsideDown UIInterfaceOrientationLandscapeLeft UIInterfaceOrientationLandscapeRight";
				INFOPLIST_KEY_UISupportedInterfaceOrientations_iPhone = "UIInterfaceOrientationPortrait UIInterfaceOrientationLandscapeLeft UIInterfaceOrientationLandscapeRight";
				LD_RUNPATH_SEARCH_PATHS = (
					"$(inherited)",
					"@executable_path/Frameworks",
				);
				MARKETING_VERSION = 1.0;
				PRODUCT_BUNDLE_IDENTIFIER = fcr.UPAX;
				PRODUCT_NAME = "$(TARGET_NAME)";
				SWIFT_EMIT_LOC_STRINGS = YES;
				SWIFT_VERSION = 5.0;
				TARGETED_DEVICE_FAMILY = "1,2";
			};
			name = Debug;
		};
		51F621CD2806096F006DFE82 /* Release */ = {
			isa = XCBuildConfiguration;
			buildSettings = {
				ASSETCATALOG_COMPILER_APPICON_NAME = AppIcon;
				ASSETCATALOG_COMPILER_GLOBAL_ACCENT_COLOR_NAME = AccentColor;
				CODE_SIGN_STYLE = Automatic;
				CURRENT_PROJECT_VERSION = 1;
				DEVELOPMENT_TEAM = 468N69354W;
				GENERATE_INFOPLIST_FILE = YES;
				INFOPLIST_FILE = UPAX/Info.plist;
				INFOPLIST_KEY_UIApplicationSupportsIndirectInputEvents = YES;
				INFOPLIST_KEY_UILaunchStoryboardName = LaunchScreen;
				INFOPLIST_KEY_UIMainStoryboardFile = Main;
				INFOPLIST_KEY_UISupportedInterfaceOrientations_iPad = "UIInterfaceOrientationPortrait UIInterfaceOrientationPortraitUpsideDown UIInterfaceOrientationLandscapeLeft UIInterfaceOrientationLandscapeRight";
				INFOPLIST_KEY_UISupportedInterfaceOrientations_iPhone = "UIInterfaceOrientationPortrait UIInterfaceOrientationLandscapeLeft UIInterfaceOrientationLandscapeRight";
				LD_RUNPATH_SEARCH_PATHS = (
					"$(inherited)",
					"@executable_path/Frameworks",
				);
				MARKETING_VERSION = 1.0;
				PRODUCT_BUNDLE_IDENTIFIER = fcr.UPAX;
				PRODUCT_NAME = "$(TARGET_NAME)";
				SWIFT_EMIT_LOC_STRINGS = YES;
				SWIFT_VERSION = 5.0;
				TARGETED_DEVICE_FAMILY = "1,2";
			};
			name = Release;
		};
		51F621CF2806096F006DFE82 /* Debug */ = {
			isa = XCBuildConfiguration;
			buildSettings = {
				ALWAYS_EMBED_SWIFT_STANDARD_LIBRARIES = YES;
				BUNDLE_LOADER = "$(TEST_HOST)";
				CODE_SIGN_STYLE = Automatic;
				CURRENT_PROJECT_VERSION = 1;
				DEVELOPMENT_TEAM = 468N69354W;
				GENERATE_INFOPLIST_FILE = YES;
				IPHONEOS_DEPLOYMENT_TARGET = 15.4;
				MARKETING_VERSION = 1.0;
				PRODUCT_BUNDLE_IDENTIFIER = fcr.UPAXTests;
				PRODUCT_NAME = "$(TARGET_NAME)";
				SWIFT_EMIT_LOC_STRINGS = NO;
				SWIFT_VERSION = 5.0;
				TARGETED_DEVICE_FAMILY = "1,2";
				TEST_HOST = "$(BUILT_PRODUCTS_DIR)/UPAX.app/UPAX";
			};
			name = Debug;
		};
		51F621D02806096F006DFE82 /* Release */ = {
			isa = XCBuildConfiguration;
			buildSettings = {
				ALWAYS_EMBED_SWIFT_STANDARD_LIBRARIES = YES;
				BUNDLE_LOADER = "$(TEST_HOST)";
				CODE_SIGN_STYLE = Automatic;
				CURRENT_PROJECT_VERSION = 1;
				DEVELOPMENT_TEAM = 468N69354W;
				GENERATE_INFOPLIST_FILE = YES;
				IPHONEOS_DEPLOYMENT_TARGET = 15.4;
				MARKETING_VERSION = 1.0;
				PRODUCT_BUNDLE_IDENTIFIER = fcr.UPAXTests;
				PRODUCT_NAME = "$(TARGET_NAME)";
				SWIFT_EMIT_LOC_STRINGS = NO;
				SWIFT_VERSION = 5.0;
				TARGETED_DEVICE_FAMILY = "1,2";
				TEST_HOST = "$(BUILT_PRODUCTS_DIR)/UPAX.app/UPAX";
			};
			name = Release;
		};
		51F621D22806096F006DFE82 /* Debug */ = {
			isa = XCBuildConfiguration;
			buildSettings = {
				ALWAYS_EMBED_SWIFT_STANDARD_LIBRARIES = YES;
				CODE_SIGN_STYLE = Automatic;
				CURRENT_PROJECT_VERSION = 1;
				DEVELOPMENT_TEAM = 468N69354W;
				GENERATE_INFOPLIST_FILE = YES;
				MARKETING_VERSION = 1.0;
				PRODUCT_BUNDLE_IDENTIFIER = fcr.UPAXUITests;
				PRODUCT_NAME = "$(TARGET_NAME)";
				SWIFT_EMIT_LOC_STRINGS = NO;
				SWIFT_VERSION = 5.0;
				TARGETED_DEVICE_FAMILY = "1,2";
				TEST_TARGET_NAME = UPAX;
			};
			name = Debug;
		};
		51F621D32806096F006DFE82 /* Release */ = {
			isa = XCBuildConfiguration;
			buildSettings = {
				ALWAYS_EMBED_SWIFT_STANDARD_LIBRARIES = YES;
				CODE_SIGN_STYLE = Automatic;
				CURRENT_PROJECT_VERSION = 1;
				DEVELOPMENT_TEAM = 468N69354W;
				GENERATE_INFOPLIST_FILE = YES;
				MARKETING_VERSION = 1.0;
				PRODUCT_BUNDLE_IDENTIFIER = fcr.UPAXUITests;
				PRODUCT_NAME = "$(TARGET_NAME)";
				SWIFT_EMIT_LOC_STRINGS = NO;
				SWIFT_VERSION = 5.0;
				TARGETED_DEVICE_FAMILY = "1,2";
				TEST_TARGET_NAME = UPAX;
			};
			name = Release;
		};
/* End XCBuildConfiguration section */

/* Begin XCConfigurationList section */
		51F621992806096C006DFE82 /* Build configuration list for PBXProject "UPAX" */ = {
			isa = XCConfigurationList;
			buildConfigurations = (
				51F621C92806096F006DFE82 /* Debug */,
				51F621CA2806096F006DFE82 /* Release */,
			);
			defaultConfigurationIsVisible = 0;
			defaultConfigurationName = Release;
		};
		51F621CB2806096F006DFE82 /* Build configuration list for PBXNativeTarget "UPAX" */ = {
			isa = XCConfigurationList;
			buildConfigurations = (
				51F621CC2806096F006DFE82 /* Debug */,
				51F621CD2806096F006DFE82 /* Release */,
			);
			defaultConfigurationIsVisible = 0;
			defaultConfigurationName = Release;
		};
		51F621CE2806096F006DFE82 /* Build configuration list for PBXNativeTarget "UPAXTests" */ = {
			isa = XCConfigurationList;
			buildConfigurations = (
				51F621CF2806096F006DFE82 /* Debug */,
				51F621D02806096F006DFE82 /* Release */,
			);
			defaultConfigurationIsVisible = 0;
			defaultConfigurationName = Release;
		};
		51F621D12806096F006DFE82 /* Build configuration list for PBXNativeTarget "UPAXUITests" */ = {
			isa = XCConfigurationList;
			buildConfigurations = (
				51F621D22806096F006DFE82 /* Debug */,
				51F621D32806096F006DFE82 /* Release */,
			);
			defaultConfigurationIsVisible = 0;
			defaultConfigurationName = Release;
		};
/* End XCConfigurationList section */

/* Begin XCVersionGroup section */
		51F621AA2806096D006DFE82 /* UPAX.xcdatamodeld */ = {
			isa = XCVersionGroup;
			children = (
				51F621AB2806096D006DFE82 /* UPAX.xcdatamodel */,
			);
			currentVersion = 51F621AB2806096D006DFE82 /* UPAX.xcdatamodel */;
			path = UPAX.xcdatamodeld;
			sourceTree = "<group>";
			versionGroupType = wrapper.xcdatamodel;
		};
/* End XCVersionGroup section */
	};
	rootObject = 51F621962806096C006DFE82 /* Project object */;
}
